{
  "name": "datahandler",
  "version": "1.0.0",
  "lockfileVersion": 3,
  "requires": true,
  "packages": {
    "": {
      "name": "datahandler",
      "version": "1.0.0",
      "license": "ISC",
      "dependencies": {
        "@influxdata/influxdb-client": "^1.35.0",
        "avro-js": "^1.12.0",
        "datahandler": "file:",
        "kafkajs": "^2.2.4"
      }
    },
    "node_modules/@influxdata/influxdb-client": {
      "version": "1.35.0",
      "resolved": "https://registry.npmjs.org/@influxdata/influxdb-client/-/influxdb-client-1.35.0.tgz",
      "integrity": "sha512-woWMi8PDpPQpvTsRaUw4Ig+nOGS/CWwAwS66Fa1Vr/EkW+NEwxI8YfPBsdBMn33jK2Y86/qMiiuX/ROHIkJLTw==",
      "license": "MIT"
    },
    "node_modules/avro-js": {
      "version": "1.12.0",
      "resolved": "https://registry.npmjs.org/avro-js/-/avro-js-1.12.0.tgz",
      "integrity": "sha512-mBhOjtHHua2MHrrgQ71YKKTGfZpS1sPvgL+QcCQ5SkUyp6qLkeTsCnQXUmATfpiOvoXB6CczzFEqn5UKbPUn3Q==",
      "license": "Apache-2.0",
      "dependencies": {
        "underscore": "^1.13.2"
      }
    },
    "node_modules/datahandler": {
      "resolved": "",
      "link": true
    },
    "node_modules/kafkajs": {
      "version": "2.2.4",
      "resolved": "https://registry.npmjs.org/kafkajs/-/kafkajs-2.2.4.tgz",
      "integrity": "sha512-j/YeapB1vfPT2iOIUn/vxdyKEuhuY2PxMBvf5JWux6iSaukAccrMtXEY/Lb7OvavDhOWME589bpLrEdnVHjfjA==",
      "license": "MIT",
      "engines": {
        "node": ">=14.0.0"
      }
    },
    "node_modules/underscore": {
      "version": "1.13.7",
      "resolved": "https://registry.npmjs.org/underscore/-/underscore-1.13.7.tgz",
      "integrity": "sha512-GMXzWtsc57XAtguZgaQViUOzs0KTkk8ojr3/xAxXLITqf/3EMwxC0inyETfDFjH/Krbhuep0HNbbjI9i/q3F3g==",
      "license": "MIT"
    }
  }
}
